Microsoft Visual Studio Solution File, Format Version 12.00
# Visual Studio Version 17
VisualStudioVersion = 17.5.2.0
MinimumVisualStudioVersion = 10.0.40219.1
Project("{FAE04EC0-301F-11D3-BF4B-00C04F79EFBC}") = "mh4webedit", "mh4webedit.csproj", "{A236AF2E-54E1-8F56-8D79-C224995BEBD0}"
EndProject
Global
	GlobalSection(SolutionConfigurationPlatforms) = preSolution
		Debug|Any CPU = Debug|Any CPU
		Release|Any CPU = Release|Any CPU
	EndGlobalSection
	GlobalSection(ProjectConfigurationPlatforms) = postSolution
		{A236AF2E-54E1-8F56-8D79-C224995BEBD0}.Debug|Any CPU.ActiveCfg = Debug|Any CPU
		{A236AF2E-54E1-8F56-8D79-C224995BEBD0}.Debug|Any CPU.Build.0 = Debug|Any CPU
		{A236AF2E-54E1-8F56-8D79-C224995BEBD0}.Release|Any CPU.ActiveCfg = Release|Any CPU
		{A236AF2E-54E1-8F56-8D79-C224995BEBD0}.Release|Any CPU.Build.0 = Release|Any CPU
	EndGlobalSection
	GlobalSection(SolutionProperties) = preSolution
		HideSolutionNode = FALSE
	EndGlobalSection
	GlobalSection(ExtensibilityGlobals) = postSolution
		SolutionGuid = {9DAAFEAA-D34C-43F8-B8DB-DD9DAF60AF9B}
	EndGlobalSection
EndGlobal
